
Microsoft Visual Studio Solution File, Format Version 12.00
# Visual Studio Version 17
VisualStudioVersion = 17.0.31903.59
MinimumVisualStudioVersion = 10.0.40219.1
Project("{FAE04EC0-301F-11D3-BF4B-00C04F79EFBC}") = "CliApp", "cli\CliApp.csproj", "{3C7C986E-8F6C-4967-9966-410E2D700A60}"
EndProject
Project("{FAE04EC0-301F-11D3-BF4B-00C04F79EFBC}") = "cli.test", "cli.test\cli.test.csproj", "{F9045730-5FD1-4266-8DE3-CD5F52CDA28C}"
EndProject
Global
	GlobalSection(SolutionConfigurationPlatforms) = preSolution
		Debug|Any CPU = Debug|Any CPU
		Release|Any CPU = Release|Any CPU
	EndGlobalSection
	GlobalSection(SolutionProperties) = preSolution
		HideSolutionNode = FALSE
	EndGlobalSection
	GlobalSection(ProjectConfigurationPlatforms) = postSolution
		{3C7C986E-8F6C-4967-9966-410E2D700A60}.Debug|Any CPU.ActiveCfg = Debug|Any CPU
		{3C7C986E-8F6C-4967-9966-410E2D700A60}.Debug|Any CPU.Build.0 = Debug|Any CPU
		{3C7C986E-8F6C-4967-9966-410E2D700A60}.Release|Any CPU.ActiveCfg = Release|Any CPU
		{3C7C986E-8F6C-4967-9966-410E2D700A60}.Release|Any CPU.Build.0 = Release|Any CPU
		{F9045730-5FD1-4266-8DE3-CD5F52CDA28C}.Debug|Any CPU.ActiveCfg = Debug|Any CPU
		{F9045730-5FD1-4266-8DE3-CD5F52CDA28C}.Debug|Any CPU.Build.0 = Debug|Any CPU
		{F9045730-5FD1-4266-8DE3-CD5F52CDA28C}.Release|Any CPU.ActiveCfg = Release|Any CPU
		{F9045730-5FD1-4266-8DE3-CD5F52CDA28C}.Release|Any CPU.Build.0 = Release|Any CPU
	EndGlobalSection
EndGlobal
